
Microsoft Visual Studio Solution File, Format Version 12.00
# Visual Studio Version 16
VisualStudioVersion = 16.0.33423.256
MinimumVisualStudioVersion = 10.0.40219.1
Project("{FAE04EC0-301F-11D3-BF4B-00C04F79EFBC}") = "administrador", "administrador\administrador.csproj", "{96CDC473-D91F-41D5-8E6F-FC1801BC15B3}"
EndProject
Project("{FAE04EC0-301F-11D3-BF4B-00C04F79EFBC}") = "tiendaWeb", "tiendaWeb\tiendaWeb.csproj", "{55D72FEE-9C68-4805-AC40-02A35DABFF82}"
EndProject
Project("{FAE04EC0-301F-11D3-BF4B-00C04F79EFBC}") = "Datos", "Datos\Datos.csproj", "{0AD2C3EB-B36E-4074-BDA6-F42923DF7042}"
EndProject
Project("{FAE04EC0-301F-11D3-BF4B-00C04F79EFBC}") = "Entidad", "Entidad\Entidad.csproj", "{36EC411D-AD99-478F-A861-06812D901E23}"
EndProject
Project("{FAE04EC0-301F-11D3-BF4B-00C04F79EFBC}") = "Negocio", "Negocio\Negocio.csproj", "{BA3EF1D7-A4E1-4A37-935D-9279AE0BC333}"
EndProject
Global
	GlobalSection(SolutionConfigurationPlatforms) = preSolution
		Debug|Any CPU = Debug|Any CPU
		Release|Any CPU = Release|Any CPU
	EndGlobalSection
	GlobalSection(ProjectConfigurationPlatforms) = postSolution
		{96CDC473-D91F-41D5-8E6F-FC1801BC15B3}.Debug|Any CPU.ActiveCfg = Debug|Any CPU
		{96CDC473-D91F-41D5-8E6F-FC1801BC15B3}.Debug|Any CPU.Build.0 = Debug|Any CPU
		{96CDC473-D91F-41D5-8E6F-FC1801BC15B3}.Release|Any CPU.ActiveCfg = Release|Any CPU
		{96CDC473-D91F-41D5-8E6F-FC1801BC15B3}.Release|Any CPU.Build.0 = Release|Any CPU
		{55D72FEE-9C68-4805-AC40-02A35DABFF82}.Debug|Any CPU.ActiveCfg = Debug|Any CPU
		{55D72FEE-9C68-4805-AC40-02A35DABFF82}.Debug|Any CPU.Build.0 = Debug|Any CPU
		{55D72FEE-9C68-4805-AC40-02A35DABFF82}.Release|Any CPU.ActiveCfg = Release|Any CPU
		{55D72FEE-9C68-4805-AC40-02A35DABFF82}.Release|Any CPU.Build.0 = Release|Any CPU
		{0AD2C3EB-B36E-4074-BDA6-F42923DF7042}.Debug|Any CPU.ActiveCfg = Debug|Any CPU
		{0AD2C3EB-B36E-4074-BDA6-F42923DF7042}.Debug|Any CPU.Build.0 = Debug|Any CPU
		{0AD2C3EB-B36E-4074-BDA6-F42923DF7042}.Release|Any CPU.ActiveCfg = Release|Any CPU
		{0AD2C3EB-B36E-4074-BDA6-F42923DF7042}.Release|Any CPU.Build.0 = Release|Any CPU
		{36EC411D-AD99-478F-A861-06812D901E23}.Debug|Any CPU.ActiveCfg = Debug|Any CPU
		{36EC411D-AD99-478F-A861-06812D901E23}.Debug|Any CPU.Build.0 = Debug|Any CPU
		{36EC411D-AD99-478F-A861-06812D901E23}.Release|Any CPU.ActiveCfg = Release|Any CPU
		{36EC411D-AD99-478F-A861-06812D901E23}.Release|Any CPU.Build.0 = Release|Any CPU
		{BA3EF1D7-A4E1-4A37-935D-9279AE0BC333}.Debug|Any CPU.ActiveCfg = Debug|Any CPU
		{BA3EF1D7-A4E1-4A37-935D-9279AE0BC333}.Debug|Any CPU.Build.0 = Debug|Any CPU
		{BA3EF1D7-A4E1-4A37-935D-9279AE0BC333}.Release|Any CPU.ActiveCfg = Release|Any CPU
		{BA3EF1D7-A4E1-4A37-935D-9279AE0BC333}.Release|Any CPU.Build.0 = Release|Any CPU
	EndGlobalSection
	GlobalSection(SolutionProperties) = preSolution
		HideSolutionNode = FALSE
	EndGlobalSection
	GlobalSection(ExtensibilityGlobals) = postSolution
		SolutionGuid = {7C97C018-EE2A-4667-BFF5-4F2EB84EA6C5}
	EndGlobalSection
EndGlobal
